<Solution>
  <Folder Name="/src/">
    <Project Path="src/AbsenceConcierge.AppHost/AbsenceConcierge.AppHost.csproj" />
    <Project Path="src/AbsenceConcierge.ServiceDefaults/AbsenceConcierge.ServiceDefaults.csproj" />
    <Project Path="src/AbsenceConcierge.AgentService/AbsenceConcierge.AgentService.csproj" />
  </Folder>
  <Folder Name="/tests/">
    <Project Path="tests/AbsenceConcierge.AgentService.Tests/AbsenceConcierge.AgentService.Tests.csproj" />
  </Folder>
</Solution>
